
Microsoft Visual Studio Solution File, Format Version 12.00
# Visual Studio 15
VisualStudioVersion = 15.0.27130.2036
MinimumVisualStudioVersion = 10.0.40219.1
Project("{FAE04EC0-301F-11D3-BF4B-00C04F79EFBC}") = "CinemaER", "CinemaER\CinemaER.csproj", "{B46F17B3-42CA-4A67-A321-C192128318FE}"
EndProject
Global
	GlobalSection(SolutionConfigurationPlatforms) = preSolution
		Debug|Any CPU = Debug|Any CPU
		Release|Any CPU = Release|Any CPU
	EndGlobalSection
	GlobalSection(ProjectConfigurationPlatforms) = postSolution
		{B46F17B3-42CA-4A67-A321-C192128318FE}.Debug|Any CPU.ActiveCfg = Debug|Any CPU
		{B46F17B3-42CA-4A67-A321-C192128318FE}.Debug|Any CPU.Build.0 = Debug|Any CPU
		{B46F17B3-42CA-4A67-A321-C192128318FE}.Release|Any CPU.ActiveCfg = Release|Any CPU
		{B46F17B3-42CA-4A67-A321-C192128318FE}.Release|Any CPU.Build.0 = Release|Any CPU
	EndGlobalSection
	GlobalSection(SolutionProperties) = preSolution
		HideSolutionNode = FALSE
	EndGlobalSection
	GlobalSection(ExtensibilityGlobals) = postSolution
		SolutionGuid = {5BBB3F29-7EBA-4477-9903-54ABB14058DE}
	EndGlobalSection
EndGlobal
